// !$*UTF8*$!
{
	archiveVersion = 1;
	classes = {
	};
	objectVersion = 46;
	objects = {

/* Begin PBXBuildFile section */
		4227709F1B5F99F700E57244 /* AppDelegate.swift in Sources */ = {isa = PBXBuildFile; fileRef = 4227709E1B5F99F700E57244 /* AppDelegate.swift */; };
		422770A11B5F99F700E57244 /* ViewController.swift in Sources */ = {isa = PBXBuildFile; fileRef = 422770A01B5F99F700E57244 /* ViewController.swift */; };
		422770A41B5F99F700E57244 /* Main.storyboard in Resources */ = {isa = PBXBuildFile; fileRef = 422770A21B5F99F700E57244 /* Main.storyboard */; };
		422770A71B5F99F700E57244 /* dribbleRefresh.xcdatamodeld in Sources */ = {isa = PBXBuildFile; fileRef = 422770A51B5F99F700E57244 /* dribbleRefresh.xcdatamodeld */; };
		422770A91B5F99F700E57244 /* Assets.xcassets in Resources */ = {isa = PBXBuildFile; fileRef = 422770A81B5F99F700E57244 /* Assets.xcassets */; };
		422770AC1B5F99F700E57244 /* LaunchScreen.storyboard in Resources */ = {isa = PBXBuildFile; fileRef = 422770AA1B5F99F700E57244 /* LaunchScreen.storyboard */; };
		42AC566B1B61901F000406A8 /* rocket.png in Resources */ = {isa = PBXBuildFile; fileRef = 42AC566A1B61901F000406A8 /* rocket.png */; };
/* End PBXBuildFile section */

/* Begin PBXFileReference section */
		4227709B1B5F99F700E57244 /* dribbleRefresh.app */ = {isa = PBXFileReference; explicitFileType = wrapper.application; includeInIndex = 0; path = dribbleRefresh.app; sourceTree = BUILT_PRODUCTS_DIR; };
		4227709E1B5F99F700E57244 /* AppDelegate.swift */ = {isa = PBXFileReference; lastKnownFileType = sourcecode.swift; path = AppDelegate.swift; sourceTree = "<group>"; };
		422770A01B5F99F700E57244 /* ViewController.swift */ = {isa = PBXFileReference; lastKnownFileType = sourcecode.swift; path = ViewController.swift; sourceTree = "<group>"; };
		422770A31B5F99F700E57244 /* Base */ = {isa = PBXFileReference; lastKnownFileType = file.storyboard; name = Base; path = Base.lproj/Main.storyboard; sourceTree = "<group>"; };
		422770A61B5F99F700E57244 /* dribbleRefresh.xcdatamodel */ = {isa = PBXFileReference; lastKnownFileType = wrapper.xcdatamodel; path = dribbleRefresh.xcdatamodel; sourceTree = "<group>"; };
		422770A81B5F99F700E57244 /* Assets.xcassets */ = {isa = PBXFileReference; lastKnownFileType = folder.assetcatalog; path = Assets.xcassets; sourceTree = "<group>"; };
		422770AB1B5F99F700E57244 /* Base */ = {isa = PBXFileReference; lastKnownFileType = file.storyboard; name = Base; path = Base.lproj/LaunchScreen.storyboard; sourceTree = "<group>"; };
		422770AD1B5F99F700E57244 /* Info.plist */ = {isa = PBXFileReference; lastKnownFileType = text.plist.xml; path = Info.plist; sourceTree = "<group>"; };
		42AC566A1B61901F000406A8 /* rocket.png */ = {isa = PBXFileReference; lastKnownFileType = image.png; path = rocket.png; sourceTree = "<group>"; };
/* End PBXFileReference section */

/* Begin PBXFrameworksBuildPhase section */
		422770981B5F99F700E57244 /* Frameworks */ = {
			isa = PBXFrameworksBuildPhase;
			buildActionMask = 2147483647;
			files = (
			);
			runOnlyForDeploymentPostprocessing = 0;
		};
/* End PBXFrameworksBuildPhase section */

/* Begin PBXGroup section */
		422770921B5F99F700E57244 = {
			isa = PBXGroup;
			children = (
				4227709D1B5F99F700E57244 /* dribbleRefresh */,
				4227709C1B5F99F700E57244 /* Products */,
			);
			sourceTree = "<group>";
		};
		4227709C1B5F99F700E57244 /* Products */ = {
			isa = PBXGroup;
			children = (
				4227709B1B5F99F700E57244 /* dribbleRefresh.app */,
			);
			name = Products;
			sourceTree = "<group>";
		};
		4227709D1B5F99F700E57244 /* dribbleRefresh */ = {
			isa = PBXGroup;
			children = (
				4227709E1B5F99F700E57244 /* AppDelegate.swift */,
				422770A01B5F99F700E57244 /* ViewController.swift */,
				422770A21B5F99F700E57244 /* Main.storyboard */,
				422770A81B5F99F700E57244 /* Assets.xcassets */,
				42AC566A1B61901F000406A8 /* rocket.png */,
				422770AA1B5F99F700E57244 /* LaunchScreen.storyboard */,
				422770AD1B5F99F700E57244 /* Info.plist */,
				422770A51B5F99F700E57244 /* dribbleRefresh.xcdatamodeld */,
			);
			path = dribbleRefresh;
			sourceTree = "<group>";
		};
/* End PBXGroup section */

/* Begin PBXNativeTarget section */
		4227709A1B5F99F700E57244 /* dribbleRefresh */ = {
			isa = PBXNativeTarget;
			buildConfigurationList = 422770B01B5F99F700E57244 /* Build configuration list for PBXNativeTarget "dribbleRefresh" */;
			buildPhases = (
				422770971B5F99F700E57244 /* Sources */,
				422770981B5F99F700E57244 /* Frameworks */,
				422770991B5F99F700E57244 /* Resources */,
			);
			buildRules = (
			);
			dependencies = (
			);
			name = dribbleRefresh;
			productName = dribbleRefresh;
			productReference = 4227709B1B5F99F700E57244 /* dribbleRefresh.app */;
			productType = "com.apple.product-type.application";
		};
/* End PBXNativeTarget section */

/* Begin PBXProject section */
		422770931B5F99F700E57244 /* Project object */ = {
			isa = PBXProject;
			attributes = {
				LastUpgradeCheck = 0700;
				ORGANIZATIONNAME = "Robin Malhotra";
				TargetAttributes = {
					4227709A1B5F99F700E57244 = {
						CreatedOnToolsVersion = 7.0;
					};
				};
			};
			buildConfigurationList = 422770961B5F99F700E57244 /* Build configuration list for PBXProject "dribbleRefresh" */;
			compatibilityVersion = "Xcode 3.2";
			developmentRegion = English;
			hasScannedForEncodings = 0;
			knownRegions = (
				en,
				Base,
			);
			mainGroup = 422770921B5F99F700E57244;
			productRefGroup = 4227709C1B5F99F700E57244 /* Products */;
			projectDirPath = "";
			projectRoot = "";
			targets = (
				4227709A1B5F99F700E57244 /* dribbleRefresh */,
			);
		};
/* End PBXProject section */

/* Begin PBXResourcesBuildPhase section */
		422770991B5F99F700E57244 /* Resources */ = {
			isa = PBXResourcesBuildPhase;
			buildActionMask = 2147483647;
			files = (
				422770AC1B5F99F700E57244 /* LaunchScreen.storyboard in Resources */,
				42AC566B1B61901F000406A8 /* rocket.png in Resources */,
				422770A91B5F99F700E57244 /* Assets.xcassets in Resources */,
				422770A41B5F99F700E57244 /* Main.storyboard in Resources */,
			);
			runOnlyForDeploymentPostprocessing = 0;
		};
/* End PBXResourcesBuildPhase section */

/* Begin PBXSourcesBuildPhase section */
		422770971B5F99F700E57244 /* Sources */ = {
			isa = PBXSourcesBuildPhase;
			buildActionMask = 2147483647;
			files = (
				422770A71B5F99F700E57244 /* dribbleRefresh.xcdatamodeld in Sources */,
				422770A11B5F99F700E57244 /* ViewController.swift in Sources */,
				4227709F1B5F99F700E57244 /* AppDelegate.swift in Sources */,
			);
			runOnlyForDeploymentPostprocessing = 0;
		};
/* End PBXSourcesBuildPhase section */

/* Begin PBXVariantGroup section */
		422770A21B5F99F700E57244 /* Main.storyboard */ = {
			isa = PBXVariantGroup;
			children = (
				422770A31B5F99F700E57244 /* Base */,
			);
			name = Main.storyboard;
			sourceTree = "<group>";
		};
		422770AA1B5F99F700E57244 /* LaunchScreen.storyboard */ = {
			isa = PBXVariantGroup;
			children = (
				422770AB1B5F99F700E57244 /* Base */,
			);
			name = LaunchScreen.storyboard;
			sourceTree = "<group>";
		};
/* End PBXVariantGroup section */

/* Begin XCBuildConfiguration section */
		422770AE1B5F99F700E57244 /* Debug */ = {
			isa = XCBuildConfiguration;
			buildSettings = {
				ALWAYS_SEARCH_USER_PATHS = NO;
				CLANG_CXX_LANGUAGE_STANDARD = "gnu++0x";
				CLANG_CXX_LIBRARY = "libc++";
				CLANG_ENABLE_MODULES = YES;
				CLANG_ENABLE_OBJC_ARC = YES;
				CLANG_WARN_BOOL_CONVERSION = YES;
				CLANG_WARN_CONSTANT_CONVERSION = YES;
				CLANG_WARN_DIRECT_OBJC_ISA_USAGE = YES_ERROR;
				CLANG_WARN_EMPTY_BODY = YES;
				CLANG_WARN_ENUM_CONVERSION = YES;
				CLANG_WARN_INT_CONVERSION = YES;
				CLANG_WARN_OBJC_ROOT_CLASS = YES_ERROR;
				CLANG_WARN_UNREACHABLE_CODE = YES;
				CLANG_WARN__DUPLICATE_METHOD_MATCH = YES;
				"CODE_SIGN_IDENTITY[sdk=iphoneos*]" = "iPhone Developer";
				COPY_PHASE_STRIP = NO;
				DEBUG_INFORMATION_FORMAT = dwarf;
				ENABLE_STRICT_OBJC_MSGSEND = YES;
				ENABLE_TESTABILITY = YES;
				GCC_C_LANGUAGE_STANDARD = gnu99;
				GCC_DYNAMIC_NO_PIC = NO;
				GCC_NO_COMMON_BLOCKS = YES;
				GCC_OPTIMIZATION_LEVEL = 0;
				GCC_PREPROCESSOR_DEFINITIONS = (
					"DEBUG=1",
					"$(inherited)",
				);
				GCC_WARN_64_TO_32_BIT_CONVERSION = YES;
				GCC_WARN_ABOUT_RETURN_TYPE = YES_ERROR;
				GCC_WARN_UNDECLARED_SELECTOR = YES;
				GCC_WARN_UNINITIALIZED_AUTOS = YES_AGGRESSIVE;
				GCC_WARN_UNUSED_FUNCTION = YES;
				GCC_WARN_UNUSED_VARIABLE = YES;
				IPHONEOS_DEPLOYMENT_TARGET = 9.0;
				MTL_ENABLE_DEBUG_INFO = YES;
				ONLY_ACTIVE_ARCH = YES;
				SDKROOT = iphoneos;
				SWIFT_OPTIMIZATION_LEVEL = "-Onone";
			};
			name = Debug;
		};
		422770AF1B5F99F700E57244 /* Release */ = {
			isa = XCBuildConfiguration;
			buildSettings = {
				ALWAYS_SEARCH_USER_PATHS = NO;
				CLANG_CXX_LANGUAGE_STANDARD = "gnu++0x";
				CLANG_CXX_LIBRARY = "libc++";
				CLANG_ENABLE_MODULES = YES;
				CLANG_ENABLE_OBJC_ARC = YES;
				CLANG_WARN_BOOL_CONVERSION = YES;
				CLANG_WARN_CONSTANT_CONVERSION = YES;
				CLANG_WARN_DIRECT_OBJC_ISA_USAGE = YES_ERROR;
				CLANG_WARN_EMPTY_BODY = YES;
				CLANG_WARN_ENUM_CONVERSION = YES;
				CLANG_WARN_INT_CONVERSION = YES;
				CLANG_WARN_OBJC_ROOT_CLASS = YES_ERROR;
				CLANG_WARN_UNREACHABLE_CODE = YES;
				CLANG_WARN__DUPLICATE_METHOD_MATCH = YES;
				"CODE_SIGN_IDENTITY[sdk=iphoneos*]" = "iPhone Developer";
				COPY_PHASE_STRIP = NO;
				DEBUG_INFORMATION_FORMAT = "dwarf-with-dsym";
				ENABLE_NS_ASSERTIONS = NO;
				ENABLE_STRICT_OBJC_MSGSEND = YES;
				GCC_C_LANGUAGE_STANDARD = gnu99;
				GCC_NO_COMMON_BLOCKS = YES;
				GCC_WARN_64_TO_32_BIT_CONVERSION = YES;
				GCC_WARN_ABOUT_RETURN_TYPE = YES_ERROR;
				GCC_WARN_UNDECLARED_SELECTOR = YES;
				GCC_WARN_UNINITIALIZED_AUTOS = YES_AGGRESSIVE;
				GCC_WARN_UNUSED_FUNCTION = YES;
				GCC_WARN_UNUSED_VARIABLE = YES;
				IPHONEOS_DEPLOYMENT_TARGET = 9.0;
				MTL_ENABLE_DEBUG_INFO = NO;
				SDKROOT = iphoneos;
				VALIDATE_PRODUCT = YES;
			};
			name = Release;
		};
		422770B11B5F99F700E57244 /* Debug */ = {
			isa = XCBuildConfiguration;
			buildSettings = {
				ASSETCATALOG_COMPILER_APPICON_NAME = AppIcon;
				INFOPLIST_FILE = dribbleRefresh/Info.plist;
				LD_RUNPATH_SEARCH_PATHS = "$(inherited) @executable_path/Frameworks";
				PRODUCT_BUNDLE_IDENTIFIER = teamOSC.dribbleRefresh;
				PRODUCT_NAME = "$(TARGET_NAME)";
			};
			name = Debug;
		};
		422770B21B5F99F700E57244 /* Release */ = {
			isa = XCBuildConfiguration;
			buildSettings = {
				ASSETCATALOG_COMPILER_APPICON_NAME = AppIcon;
				INFOPLIST_FILE = dribbleRefresh/Info.plist;
				LD_RUNPATH_SEARCH_PATHS = "$(inherited) @executable_path/Frameworks";
				PRODUCT_BUNDLE_IDENTIFIER = teamOSC.dribbleRefresh;
				PRODUCT_NAME = "$(TARGET_NAME)";
			};
			name = Release;
		};
/* End XCBuildConfiguration section */

/* Begin XCConfigurationList section */
		422770961B5F99F700E57244 /* Build configuration list for PBXProject "dribbleRefresh" */ = {
			isa = XCConfigurationList;
			buildConfigurations = (
				422770AE1B5F99F700E57244 /* Debug */,
				422770AF1B5F99F700E57244 /* Release */,
			);
			defaultConfigurationIsVisible = 0;
			defaultConfigurationName = Release;
		};
		422770B01B5F99F700E57244 /* Build configuration list for PBXNativeTarget "dribbleRefresh" */ = {
			isa = XCConfigurationList;
			buildConfigurations = (
				422770B11B5F99F700E57244 /* Debug */,
				422770B21B5F99F700E57244 /* Release */,
			);
			defaultConfigurationIsVisible = 0;
			defaultConfigurationName = Release;
		};
/* End XCConfigurationList section */

/* Begin XCVersionGroup section */
		422770A51B5F99F700E57244 /* dribbleRefresh.xcdatamodeld */ = {
			isa = XCVersionGroup;
			children = (
				422770A61B5F99F700E57244 /* dribbleRefresh.xcdatamodel */,
			);
			currentVersion = 422770A61B5F99F700E57244 /* dribbleRefresh.xcdatamodel */;
			path = dribbleRefresh.xcdatamodeld;
			sourceTree = "<group>";
			versionGroupType = wrapper.xcdatamodel;
		};
/* End XCVersionGroup section */
	};
	rootObject = 422770931B5F99F700E57244 /* Project object */;
}
